// !$*UTF8*$!
{
	archiveVersion = 1;
	classes = {
	};
	objectVersion = 46;
	objects = {

/* Begin PBXBuildFile section */
		C24BF534196E9E64007B9BA3 /* Foundation.framework in Frameworks */ = {isa = PBXBuildFile; fileRef = C24BF533196E9E64007B9BA3 /* Foundation.framework */; };
		C24BF536196E9E64007B9BA3 /* CoreGraphics.framework in Frameworks */ = {isa = PBXBuildFile; fileRef = C24BF535196E9E64007B9BA3 /* CoreGraphics.framework */; };
		C24BF538196E9E64007B9BA3 /* UIKit.framework in Frameworks */ = {isa = PBXBuildFile; fileRef = C24BF537196E9E64007B9BA3 /* UIKit.framework */; };
		C24BF53E196E9E64007B9BA3 /* InfoPlist.strings in Resources */ = {isa = PBXBuildFile; fileRef = C24BF53C196E9E64007B9BA3 /* InfoPlist.strings */; };
		C24BF540196E9E64007B9BA3 /* main.m in Sources */ = {isa = PBXBuildFile; fileRef = C24BF53F196E9E64007B9BA3 /* main.m */; };
		C24BF544196E9E64007B9BA3 /* FPAppDelegate.m in Sources */ = {isa = PBXBuildFile; fileRef = C24BF543196E9E64007B9BA3 /* FPAppDelegate.m */; };
		C24BF546196E9E64007B9BA3 /* Images.xcassets in Resources */ = {isa = PBXBuildFile; fileRef = C24BF545196E9E64007B9BA3 /* Images.xcassets */; };
		C24BF54D196E9E65007B9BA3 /* XCTest.framework in Frameworks */ = {isa = PBXBuildFile; fileRef = C24BF54C196E9E65007B9BA3 /* XCTest.framework */; };
		C24BF54E196E9E65007B9BA3 /* Foundation.framework in Frameworks */ = {isa = PBXBuildFile; fileRef = C24BF533196E9E64007B9BA3 /* Foundation.framework */; };
		C24BF54F196E9E65007B9BA3 /* UIKit.framework in Frameworks */ = {isa = PBXBuildFile; fileRef = C24BF537196E9E64007B9BA3 /* UIKit.framework */; };
		C24BF557196E9E65007B9BA3 /* InfoPlist.strings in Resources */ = {isa = PBXBuildFile; fileRef = C24BF555196E9E65007B9BA3 /* InfoPlist.strings */; };
		C24BF559196E9E65007B9BA3 /* MemoryTests.m in Sources */ = {isa = PBXBuildFile; fileRef = C24BF558196E9E65007B9BA3 /* MemoryTests.m */; };
		C24BF564196E9EF6007B9BA3 /* MyPhotoViewController.m in Sources */ = {isa = PBXBuildFile; fileRef = C24BF563196E9EF6007B9BA3 /* MyPhotoViewController.m */; };
		C2E3E0AA1970BCAF0022B678 /* UIViewAdditions.m in Sources */ = {isa = PBXBuildFile; fileRef = C2E3E0A91970BCAF0022B678 /* UIViewAdditions.m */; };
		C2E3E0AD1970D5460022B678 /* Album.m in Sources */ = {isa = PBXBuildFile; fileRef = C2E3E0AC1970D5460022B678 /* Album.m */; };
		C2E3E0AF1970DFC50022B678 /* Photosets.plist in Resources */ = {isa = PBXBuildFile; fileRef = C2E3E0AE1970DFC50022B678 /* Photosets.plist */; };
		C2E3E0B21970E23A0022B678 /* DataHandle.m in Sources */ = {isa = PBXBuildFile; fileRef = C2E3E0B11970E23A0022B678 /* DataHandle.m */; };
		C2EFDAA2196FFBF30083DB8F /* PhotoCell.m in Sources */ = {isa = PBXBuildFile; fileRef = C2EFDAA1196FFBF30083DB8F /* PhotoCell.m */; };
		C2EFDAA5196FFC600083DB8F /* MyTableViewCell.m in Sources */ = {isa = PBXBuildFile; fileRef = C2EFDAA4196FFC600083DB8F /* MyTableViewCell.m */; };
		C2EFDAA8196FFC950083DB8F /* AlbumCell.m in Sources */ = {isa = PBXBuildFile; fileRef = C2EFDAA7196FFC950083DB8F /* AlbumCell.m */; };
		C2EFDABC197012700083DB8F /* photoset0-0.jpg in Resources */ = {isa = PBXBuildFile; fileRef = C2EFDAAC197012700083DB8F /* photoset0-0.jpg */; };
		C2EFDABD197012700083DB8F /* photoset0-1.jpg in Resources */ = {isa = PBXBuildFile; fileRef = C2EFDAAD197012700083DB8F /* photoset0-1.jpg */; };
		C2EFDABE197012700083DB8F /* photoset0-10.jpg in Resources */ = {isa = PBXBuildFile; fileRef = C2EFDAAE197012700083DB8F /* photoset0-10.jpg */; };
		C2EFDABF197012700083DB8F /* photoset0-11.jpg in Resources */ = {isa = PBXBuildFile; fileRef = C2EFDAAF197012700083DB8F /* photoset0-11.jpg */; };
		C2EFDAC0197012700083DB8F /* photoset0-12.jpg in Resources */ = {isa = PBXBuildFile; fileRef = C2EFDAB0197012700083DB8F /* photoset0-12.jpg */; };
		C2EFDAC1197012700083DB8F /* photoset0-13.jpg in Resources */ = {isa = PBXBuildFile; fileRef = C2EFDAB1197012700083DB8F /* photoset0-13.jpg */; };
		C2EFDAC2197012700083DB8F /* photoset0-14.jpg in Resources */ = {isa = PBXBuildFile; fileRef = C2EFDAB2197012700083DB8F /* photoset0-14.jpg */; };
		C2EFDAC3197012700083DB8F /* photoset0-15.jpg in Resources */ = {isa = PBXBuildFile; fileRef = C2EFDAB3197012700083DB8F /* photoset0-15.jpg */; };
		C2EFDAC4197012700083DB8F /* photoset0-2.jpg in Resources */ = {isa = PBXBuildFile; fileRef = C2EFDAB4197012700083DB8F /* photoset0-2.jpg */; };
		C2EFDAC5197012700083DB8F /* photoset0-3.jpg in Resources */ = {isa = PBXBuildFile; fileRef = C2EFDAB5197012700083DB8F /* photoset0-3.jpg */; };
		C2EFDAC6197012700083DB8F /* photoset0-4.jpg in Resources */ = {isa = PBXBuildFile; fileRef = C2EFDAB6197012700083DB8F /* photoset0-4.jpg */; };
		C2EFDAC7197012700083DB8F /* photoset0-5.jpg in Resources */ = {isa = PBXBuildFile; fileRef = C2EFDAB7197012700083DB8F /* photoset0-5.jpg */; };
		C2EFDAC8197012700083DB8F /* photoset0-6.jpg in Resources */ = {isa = PBXBuildFile; fileRef = C2EFDAB8197012700083DB8F /* photoset0-6.jpg */; };
		C2EFDAC9197012700083DB8F /* photoset0-7.jpg in Resources */ = {isa = PBXBuildFile; fileRef = C2EFDAB9197012700083DB8F /* photoset0-7.jpg */; };
		C2EFDACA197012700083DB8F /* photoset0-8.jpg in Resources */ = {isa = PBXBuildFile; fileRef = C2EFDABA197012700083DB8F /* photoset0-8.jpg */; };
		C2EFDACB197012700083DB8F /* photoset0-9.jpg in Resources */ = {isa = PBXBuildFile; fileRef = C2EFDABB197012700083DB8F /* photoset0-9.jpg */; };
		C2EFDACD197012EE0083DB8F /* photoes.plist in Resources */ = {isa = PBXBuildFile; fileRef = C2EFDACC197012EE0083DB8F /* photoes.plist */; };
/* End PBXBuildFile section */

/* Begin PBXContainerItemProxy section */
		C24BF550196E9E65007B9BA3 /* PBXContainerItemProxy */ = {
			isa = PBXContainerItemProxy;
			containerPortal = C24BF528196E9E64007B9BA3 /* Project object */;
			proxyType = 1;
			remoteGlobalIDString = C24BF52F196E9E64007B9BA3;
			remoteInfo = Memory;
		};
/* End PBXContainerItemProxy section */

/* Begin PBXFileReference section */
		C24BF530196E9E64007B9BA3 /* Memory.app */ = {isa = PBXFileReference; explicitFileType = wrapper.application; includeInIndex = 0; path = Memory.app; sourceTree = BUILT_PRODUCTS_DIR; };
		C24BF533196E9E64007B9BA3 /* Foundation.framework */ = {isa = PBXFileReference; lastKnownFileType = wrapper.framework; name = Foundation.framework; path = System/Library/Frameworks/Foundation.framework; sourceTree = SDKROOT; };
		C24BF535196E9E64007B9BA3 /* CoreGraphics.framework */ = {isa = PBXFileReference; lastKnownFileType = wrapper.framework; name = CoreGraphics.framework; path = System/Library/Frameworks/CoreGraphics.framework; sourceTree = SDKROOT; };
		C24BF537196E9E64007B9BA3 /* UIKit.framework */ = {isa = PBXFileReference; lastKnownFileType = wrapper.framework; name = UIKit.framework; path = System/Library/Frameworks/UIKit.framework; sourceTree = SDKROOT; };
		C24BF53B196E9E64007B9BA3 /* Memory-Info.plist */ = {isa = PBXFileReference; lastKnownFileType = text.plist.xml; path = "Memory-Info.plist"; sourceTree = "<group>"; };
		C24BF53D196E9E64007B9BA3 /* en */ = {isa = PBXFileReference; lastKnownFileType = text.plist.strings; name = en; path = en.lproj/InfoPlist.strings; sourceTree = "<group>"; };
		C24BF53F196E9E64007B9BA3 /* main.m */ = {isa = PBXFileReference; lastKnownFileType = sourcecode.c.objc; path = main.m; sourceTree = "<group>"; };
		C24BF541196E9E64007B9BA3 /* Memory-Prefix.pch */ = {isa = PBXFileReference; lastKnownFileType = sourcecode.c.h; path = "Memory-Prefix.pch"; sourceTree = "<group>"; };
		C24BF542196E9E64007B9BA3 /* FPAppDelegate.h */ = {isa = PBXFileReference; lastKnownFileType = sourcecode.c.h; path = FPAppDelegate.h; sourceTree = "<group>"; };
		C24BF543196E9E64007B9BA3 /* FPAppDelegate.m */ = {isa = PBXFileReference; lastKnownFileType = sourcecode.c.objc; path = FPAppDelegate.m; sourceTree = "<group>"; };
		C24BF545196E9E64007B9BA3 /* Images.xcassets */ = {isa = PBXFileReference; lastKnownFileType = folder.assetcatalog; path = Images.xcassets; sourceTree = "<group>"; };
		C24BF54B196E9E65007B9BA3 /* MemoryTests.xctest */ = {isa = PBXFileReference; explicitFileType = wrapper.cfbundle; includeInIndex = 0; path = MemoryTests.xctest; sourceTree = BUILT_PRODUCTS_DIR; };
		C24BF54C196E9E65007B9BA3 /* XCTest.framework */ = {isa = PBXFileReference; lastKnownFileType = wrapper.framework; name = XCTest.framework; path = Library/Frameworks/XCTest.framework; sourceTree = DEVELOPER_DIR; };
		C24BF554196E9E65007B9BA3 /* MemoryTests-Info.plist */ = {isa = PBXFileReference; lastKnownFileType = text.plist.xml; path = "MemoryTests-Info.plist"; sourceTree = "<group>"; };
		C24BF556196E9E65007B9BA3 /* en */ = {isa = PBXFileReference; lastKnownFileType = text.plist.strings; name = en; path = en.lproj/InfoPlist.strings; sourceTree = "<group>"; };
		C24BF558196E9E65007B9BA3 /* MemoryTests.m */ = {isa = PBXFileReference; lastKnownFileType = sourcecode.c.objc; path = MemoryTests.m; sourceTree = "<group>"; };
		C24BF562196E9EF6007B9BA3 /* MyPhotoViewController.h */ = {isa = PBXFileReference; fileEncoding = 4; lastKnownFileType = sourcecode.c.h; path = MyPhotoViewController.h; sourceTree = "<group>"; };
		C24BF563196E9EF6007B9BA3 /* MyPhotoViewController.m */ = {isa = PBXFileReference; fileEncoding = 4; lastKnownFileType = sourcecode.c.objc; path = MyPhotoViewController.m; sourceTree = "<group>"; };
		C2E3E0A81970BCAF0022B678 /* UIViewAdditions.h */ = {isa = PBXFileReference; fileEncoding = 4; lastKnownFileType = sourcecode.c.h; path = UIViewAdditions.h; sourceTree = "<group>"; };
		C2E3E0A91970BCAF0022B678 /* UIViewAdditions.m */ = {isa = PBXFileReference; fileEncoding = 4; lastKnownFileType = sourcecode.c.objc; path = UIViewAdditions.m; sourceTree = "<group>"; };
		C2E3E0AB1970D5460022B678 /* Album.h */ = {isa = PBXFileReference; fileEncoding = 4; lastKnownFileType = sourcecode.c.h; path = Album.h; sourceTree = "<group>"; };
		C2E3E0AC1970D5460022B678 /* Album.m */ = {isa = PBXFileReference; fileEncoding = 4; lastKnownFileType = sourcecode.c.objc; path = Album.m; sourceTree = "<group>"; };
		C2E3E0AE1970DFC50022B678 /* Photosets.plist */ = {isa = PBXFileReference; fileEncoding = 4; lastKnownFileType = text.plist.xml; path = Photosets.plist; sourceTree = "<group>"; };
		C2E3E0B01970E23A0022B678 /* DataHandle.h */ = {isa = PBXFileReference; fileEncoding = 4; lastKnownFileType = sourcecode.c.h; path = DataHandle.h; sourceTree = "<group>"; };
		C2E3E0B11970E23A0022B678 /* DataHandle.m */ = {isa = PBXFileReference; fileEncoding = 4; lastKnownFileType = sourcecode.c.objc; path = DataHandle.m; sourceTree = "<group>"; };
		C2EFDAA0196FFBF30083DB8F /* PhotoCell.h */ = {isa = PBXFileReference; fileEncoding = 4; lastKnownFileType = sourcecode.c.h; path = PhotoCell.h; sourceTree = "<group>"; };
		C2EFDAA1196FFBF30083DB8F /* PhotoCell.m */ = {isa = PBXFileReference; fileEncoding = 4; lastKnownFileType = sourcecode.c.objc; path = PhotoCell.m; sourceTree = "<group>"; };
		C2EFDAA3196FFC600083DB8F /* MyTableViewCell.h */ = {isa = PBXFileReference; fileEncoding = 4; lastKnownFileType = sourcecode.c.h; path = MyTableViewCell.h; sourceTree = "<group>"; };
		C2EFDAA4196FFC600083DB8F /* MyTableViewCell.m */ = {isa = PBXFileReference; fileEncoding = 4; lastKnownFileType = sourcecode.c.objc; path = MyTableViewCell.m; sourceTree = "<group>"; };
		C2EFDAA6196FFC950083DB8F /* AlbumCell.h */ = {isa = PBXFileReference; fileEncoding = 4; lastKnownFileType = sourcecode.c.h; path = AlbumCell.h; sourceTree = "<group>"; };
		C2EFDAA7196FFC950083DB8F /* AlbumCell.m */ = {isa = PBXFileReference; fileEncoding = 4; lastKnownFileType = sourcecode.c.objc; path = AlbumCell.m; sourceTree = "<group>"; };
		C2EFDAAC197012700083DB8F /* photoset0-0.jpg */ = {isa = PBXFileReference; lastKnownFileType = image.jpeg; path = "photoset0-0.jpg"; sourceTree = "<group>"; };
		C2EFDAAD197012700083DB8F /* photoset0-1.jpg */ = {isa = PBXFileReference; lastKnownFileType = image.jpeg; path = "photoset0-1.jpg"; sourceTree = "<group>"; };
		C2EFDAAE197012700083DB8F /* photoset0-10.jpg */ = {isa = PBXFileReference; lastKnownFileType = image.jpeg; path = "photoset0-10.jpg"; sourceTree = "<group>"; };
		C2EFDAAF197012700083DB8F /* photoset0-11.jpg */ = {isa = PBXFileReference; lastKnownFileType = image.jpeg; path = "photoset0-11.jpg"; sourceTree = "<group>"; };
		C2EFDAB0197012700083DB8F /* photoset0-12.jpg */ = {isa = PBXFileReference; lastKnownFileType = image.jpeg; path = "photoset0-12.jpg"; sourceTree = "<group>"; };
		C2EFDAB1197012700083DB8F /* photoset0-13.jpg */ = {isa = PBXFileReference; lastKnownFileType = image.jpeg; path = "photoset0-13.jpg"; sourceTree = "<group>"; };
		C2EFDAB2197012700083DB8F /* photoset0-14.jpg */ = {isa = PBXFileReference; lastKnownFileType = image.jpeg; path = "photoset0-14.jpg"; sourceTree = "<group>"; };
		C2EFDAB3197012700083DB8F /* photoset0-15.jpg */ = {isa = PBXFileReference; lastKnownFileType = image.jpeg; path = "photoset0-15.jpg"; sourceTree = "<group>"; };
		C2EFDAB4197012700083DB8F /* photoset0-2.jpg */ = {isa = PBXFileReference; lastKnownFileType = image.jpeg; path = "photoset0-2.jpg"; sourceTree = "<group>"; };
		C2EFDAB5197012700083DB8F /* photoset0-3.jpg */ = {isa = PBXFileReference; lastKnownFileType = image.jpeg; path = "photoset0-3.jpg"; sourceTree = "<group>"; };
		C2EFDAB6197012700083DB8F /* photoset0-4.jpg */ = {isa = PBXFileReference; lastKnownFileType = image.jpeg; path = "photoset0-4.jpg"; sourceTree = "<group>"; };
		C2EFDAB7197012700083DB8F /* photoset0-5.jpg */ = {isa = PBXFileReference; lastKnownFileType = image.jpeg; path = "photoset0-5.jpg"; sourceTree = "<group>"; };
		C2EFDAB8197012700083DB8F /* photoset0-6.jpg */ = {isa = PBXFileReference; lastKnownFileType = image.jpeg; path = "photoset0-6.jpg"; sourceTree = "<group>"; };
		C2EFDAB9197012700083DB8F /* photoset0-7.jpg */ = {isa = PBXFileReference; lastKnownFileType = image.jpeg; path = "photoset0-7.jpg"; sourceTree = "<group>"; };
		C2EFDABA197012700083DB8F /* photoset0-8.jpg */ = {isa = PBXFileReference; lastKnownFileType = image.jpeg; path = "photoset0-8.jpg"; sourceTree = "<group>"; };
		C2EFDABB197012700083DB8F /* photoset0-9.jpg */ = {isa = PBXFileReference; lastKnownFileType = image.jpeg; path = "photoset0-9.jpg"; sourceTree = "<group>"; };
		C2EFDACC197012EE0083DB8F /* photoes.plist */ = {isa = PBXFileReference; fileEncoding = 4; lastKnownFileType = text.plist.xml; path = photoes.plist; sourceTree = "<group>"; };
/* End PBXFileReference section */

/* Begin PBXFrameworksBuildPhase section */
		C24BF52D196E9E64007B9BA3 /* Frameworks */ = {
			isa = PBXFrameworksBuildPhase;
			buildActionMask = 2147483647;
			files = (
				C24BF536196E9E64007B9BA3 /* CoreGraphics.framework in Frameworks */,
				C24BF538196E9E64007B9BA3 /* UIKit.framework in Frameworks */,
				C24BF534196E9E64007B9BA3 /* Foundation.framework in Frameworks */,
			);
			runOnlyForDeploymentPostprocessing = 0;
		};
		C24BF548196E9E65007B9BA3 /* Frameworks */ = {
			isa = PBXFrameworksBuildPhase;
			buildActionMask = 2147483647;
			files = (
				C24BF54D196E9E65007B9BA3 /* XCTest.framework in Frameworks */,
				C24BF54F196E9E65007B9BA3 /* UIKit.framework in Frameworks */,
				C24BF54E196E9E65007B9BA3 /* Foundation.framework in Frameworks */,
			);
			runOnlyForDeploymentPostprocessing = 0;
		};
/* End PBXFrameworksBuildPhase section */

/* Begin PBXGroup section */
		C24BF527196E9E64007B9BA3 = {
			isa = PBXGroup;
			children = (
				C24BF539196E9E64007B9BA3 /* Memory */,
				C24BF552196E9E65007B9BA3 /* MemoryTests */,
				C24BF532196E9E64007B9BA3 /* Frameworks */,
				C24BF531196E9E64007B9BA3 /* Products */,
			);
			sourceTree = "<group>";
		};
		C24BF531196E9E64007B9BA3 /* Products */ = {
			isa = PBXGroup;
			children = (
				C24BF530196E9E64007B9BA3 /* Memory.app */,
				C24BF54B196E9E65007B9BA3 /* MemoryTests.xctest */,
			);
			name = Products;
			sourceTree = "<group>";
		};
		C24BF532196E9E64007B9BA3 /* Frameworks */ = {
			isa = PBXGroup;
			children = (
				C24BF533196E9E64007B9BA3 /* Foundation.framework */,
				C24BF535196E9E64007B9BA3 /* CoreGraphics.framework */,
				C24BF537196E9E64007B9BA3 /* UIKit.framework */,
				C24BF54C196E9E65007B9BA3 /* XCTest.framework */,
			);
			name = Frameworks;
			sourceTree = "<group>";
		};
		C24BF539196E9E64007B9BA3 /* Memory */ = {
			isa = PBXGroup;
			children = (
				C24BF542196E9E64007B9BA3 /* FPAppDelegate.h */,
				C24BF543196E9E64007B9BA3 /* FPAppDelegate.m */,
				C24BF562196E9EF6007B9BA3 /* MyPhotoViewController.h */,
				C24BF563196E9EF6007B9BA3 /* MyPhotoViewController.m */,
				C2EFDAA3196FFC600083DB8F /* MyTableViewCell.h */,
				C2EFDAA4196FFC600083DB8F /* MyTableViewCell.m */,
				C2EFDAA6196FFC950083DB8F /* AlbumCell.h */,
				C2EFDAA7196FFC950083DB8F /* AlbumCell.m */,
				C2EFDAA0196FFBF30083DB8F /* PhotoCell.h */,
				C2EFDAA1196FFBF30083DB8F /* PhotoCell.m */,
				C2E3E0AB1970D5460022B678 /* Album.h */,
				C2E3E0AC1970D5460022B678 /* Album.m */,
				C2E3E0B01970E23A0022B678 /* DataHandle.h */,
				C2E3E0B11970E23A0022B678 /* DataHandle.m */,
				C2EFDAAB197012700083DB8F /* Images */,
				C24BF545196E9E64007B9BA3 /* Images.xcassets */,
				C2EFDACC197012EE0083DB8F /* photoes.plist */,
				C2E3E0AE1970DFC50022B678 /* Photosets.plist */,
				C2E3E0A71970BCAF0022B678 /* UIViewAdditions */,
				C24BF53A196E9E64007B9BA3 /* Supporting Files */,
			);
			path = Memory;
			sourceTree = "<group>";
		};
		C24BF53A196E9E64007B9BA3 /* Supporting Files */ = {
			isa = PBXGroup;
			children = (
				C24BF53B196E9E64007B9BA3 /* Memory-Info.plist */,
				C24BF53C196E9E64007B9BA3 /* InfoPlist.strings */,
				C24BF53F196E9E64007B9BA3 /* main.m */,
				C24BF541196E9E64007B9BA3 /* Memory-Prefix.pch */,
			);
			name = "Supporting Files";
			sourceTree = "<group>";
		};
		C24BF552196E9E65007B9BA3 /* MemoryTests */ = {
			isa = PBXGroup;
			children = (
				C24BF558196E9E65007B9BA3 /* MemoryTests.m */,
				C24BF553196E9E65007B9BA3 /* Supporting Files */,
			);
			path = MemoryTests;
			sourceTree = "<group>";
		};
		C24BF553196E9E65007B9BA3 /* Supporting Files */ = {
			isa = PBXGroup;
			children = (
				C24BF554196E9E65007B9BA3 /* MemoryTests-Info.plist */,
				C24BF555196E9E65007B9BA3 /* InfoPlist.strings */,
			);
			name = "Supporting Files";
			sourceTree = "<group>";
		};
		C2E3E0A71970BCAF0022B678 /* UIViewAdditions */ = {
			isa = PBXGroup;
			children = (
				C2E3E0A81970BCAF0022B678 /* UIViewAdditions.h */,
				C2E3E0A91970BCAF0022B678 /* UIViewAdditions.m */,
			);
			path = UIViewAdditions;
			sourceTree = "<group>";
		};
		C2EFDAAB197012700083DB8F /* Images */ = {
			isa = PBXGroup;
			children = (
				C2EFDAAC197012700083DB8F /* photoset0-0.jpg */,
				C2EFDAAD197012700083DB8F /* photoset0-1.jpg */,
				C2EFDAAE197012700083DB8F /* photoset0-10.jpg */,
				C2EFDAAF197012700083DB8F /* photoset0-11.jpg */,
				C2EFDAB0197012700083DB8F /* photoset0-12.jpg */,
				C2EFDAB1197012700083DB8F /* photoset0-13.jpg */,
				C2EFDAB2197012700083DB8F /* photoset0-14.jpg */,
				C2EFDAB3197012700083DB8F /* photoset0-15.jpg */,
				C2EFDAB4197012700083DB8F /* photoset0-2.jpg */,
				C2EFDAB5197012700083DB8F /* photoset0-3.jpg */,
				C2EFDAB6197012700083DB8F /* photoset0-4.jpg */,
				C2EFDAB7197012700083DB8F /* photoset0-5.jpg */,
				C2EFDAB8197012700083DB8F /* photoset0-6.jpg */,
				C2EFDAB9197012700083DB8F /* photoset0-7.jpg */,
				C2EFDABA197012700083DB8F /* photoset0-8.jpg */,
				C2EFDABB197012700083DB8F /* photoset0-9.jpg */,
			);
			path = Images;
			sourceTree = "<group>";
		};
/* End PBXGroup section */

/* Begin PBXNativeTarget section */
		C24BF52F196E9E64007B9BA3 /* Memory */ = {
			isa = PBXNativeTarget;
			buildConfigurationList = C24BF55C196E9E65007B9BA3 /* Build configuration list for PBXNativeTarget "Memory" */;
			buildPhases = (
				C24BF52C196E9E64007B9BA3 /* Sources */,
				C24BF52D196E9E64007B9BA3 /* Frameworks */,
				C24BF52E196E9E64007B9BA3 /* Resources */,
			);
			buildRules = (
			);
			dependencies = (
			);
			name = Memory;
			productName = Memory;
			productReference = C24BF530196E9E64007B9BA3 /* Memory.app */;
			productType = "com.apple.product-type.application";
		};
		C24BF54A196E9E65007B9BA3 /* MemoryTests */ = {
			isa = PBXNativeTarget;
			buildConfigurationList = C24BF55F196E9E65007B9BA3 /* Build configuration list for PBXNativeTarget "MemoryTests" */;
			buildPhases = (
				C24BF547196E9E65007B9BA3 /* Sources */,
				C24BF548196E9E65007B9BA3 /* Frameworks */,
				C24BF549196E9E65007B9BA3 /* Resources */,
			);
			buildRules = (
			);
			dependencies = (
				C24BF551196E9E65007B9BA3 /* PBXTargetDependency */,
			);
			name = MemoryTests;
			productName = MemoryTests;
			productReference = C24BF54B196E9E65007B9BA3 /* MemoryTests.xctest */;
			productType = "com.apple.product-type.bundle.unit-test";
		};
/* End PBXNativeTarget section */

/* Begin PBXProject section */
		C24BF528196E9E64007B9BA3 /* Project object */ = {
			isa = PBXProject;
			attributes = {
				CLASSPREFIX = FP;
				LastUpgradeCheck = 0510;
				ORGANIZATIONNAME = lanou3g;
				TargetAttributes = {
					C24BF54A196E9E65007B9BA3 = {
						TestTargetID = C24BF52F196E9E64007B9BA3;
					};
				};
			};
			buildConfigurationList = C24BF52B196E9E64007B9BA3 /* Build configuration list for PBXProject "Memory" */;
			compatibilityVersion = "Xcode 3.2";
			developmentRegion = English;
			hasScannedForEncodings = 0;
			knownRegions = (
				en,
			);
			mainGroup = C24BF527196E9E64007B9BA3;
			productRefGroup = C24BF531196E9E64007B9BA3 /* Products */;
			projectDirPath = "";
			projectRoot = "";
			targets = (
				C24BF52F196E9E64007B9BA3 /* Memory */,
				C24BF54A196E9E65007B9BA3 /* MemoryTests */,
			);
		};
/* End PBXProject section */

/* Begin PBXResourcesBuildPhase section */
		C24BF52E196E9E64007B9BA3 /* Resources */ = {
			isa = PBXResourcesBuildPhase;
			buildActionMask = 2147483647;
			files = (
				C2EFDAC5197012700083DB8F /* photoset0-3.jpg in Resources */,
				C2E3E0AF1970DFC50022B678 /* Photosets.plist in Resources */,
				C2EFDAC6197012700083DB8F /* photoset0-4.jpg in Resources */,
				C2EFDAC3197012700083DB8F /* photoset0-15.jpg in Resources */,
				C2EFDAC9197012700083DB8F /* photoset0-7.jpg in Resources */,
				C2EFDACB197012700083DB8F /* photoset0-9.jpg in Resources */,
				C2EFDABE197012700083DB8F /* photoset0-10.jpg in Resources */,
				C2EFDAC4197012700083DB8F /* photoset0-2.jpg in Resources */,
				C2EFDABD197012700083DB8F /* photoset0-1.jpg in Resources */,
				C2EFDAC8197012700083DB8F /* photoset0-6.jpg in Resources */,
				C2EFDACA197012700083DB8F /* photoset0-8.jpg in Resources */,
				C2EFDABC197012700083DB8F /* photoset0-0.jpg in Resources */,
				C2EFDABF197012700083DB8F /* photoset0-11.jpg in Resources */,
				C2EFDAC0197012700083DB8F /* photoset0-12.jpg in Resources */,
				C24BF53E196E9E64007B9BA3 /* InfoPlist.strings in Resources */,
				C2EFDAC2197012700083DB8F /* photoset0-14.jpg in Resources */,
				C2EFDAC7197012700083DB8F /* photoset0-5.jpg in Resources */,
				C2EFDACD197012EE0083DB8F /* photoes.plist in Resources */,
				C2EFDAC1197012700083DB8F /* photoset0-13.jpg in Resources */,
				C24BF546196E9E64007B9BA3 /* Images.xcassets in Resources */,
			);
			runOnlyForDeploymentPostprocessing = 0;
		};
		C24BF549196E9E65007B9BA3 /* Resources */ = {
			isa = PBXResourcesBuildPhase;
			buildActionMask = 2147483647;
			files = (
				C24BF557196E9E65007B9BA3 /* InfoPlist.strings in Resources */,
			);
			runOnlyForDeploymentPostprocessing = 0;
		};
/* End PBXResourcesBuildPhase section */

/* Begin PBXSourcesBuildPhase section */
		C24BF52C196E9E64007B9BA3 /* Sources */ = {
			isa = PBXSourcesBuildPhase;
			buildActionMask = 2147483647;
			files = (
				C2EFDAA2196FFBF30083DB8F /* PhotoCell.m in Sources */,
				C24BF544196E9E64007B9BA3 /* FPAppDelegate.m in Sources */,
				C2E3E0B21970E23A0022B678 /* DataHandle.m in Sources */,
				C2E3E0AA1970BCAF0022B678 /* UIViewAdditions.m in Sources */,
				C2E3E0AD1970D5460022B678 /* Album.m in Sources */,
				C24BF540196E9E64007B9BA3 /* main.m in Sources */,
				C2EFDAA8196FFC950083DB8F /* AlbumCell.m in Sources */,
				C2EFDAA5196FFC600083DB8F /* MyTableViewCell.m in Sources */,
				C24BF564196E9EF6007B9BA3 /* MyPhotoViewController.m in Sources */,
			);
			runOnlyForDeploymentPostprocessing = 0;
		};
		C24BF547196E9E65007B9BA3 /* Sources */ = {
			isa = PBXSourcesBuildPhase;
			buildActionMask = 2147483647;
			files = (
				C24BF559196E9E65007B9BA3 /* MemoryTests.m in Sources */,
			);
			runOnlyForDeploymentPostprocessing = 0;
		};
/* End PBXSourcesBuildPhase section */

/* Begin PBXTargetDependency section */
		C24BF551196E9E65007B9BA3 /* PBXTargetDependency */ = {
			isa = PBXTargetDependency;
			target = C24BF52F196E9E64007B9BA3 /* Memory */;
			targetProxy = C24BF550196E9E65007B9BA3 /* PBXContainerItemProxy */;
		};
/* End PBXTargetDependency section */

/* Begin PBXVariantGroup section */
		C24BF53C196E9E64007B9BA3 /* InfoPlist.strings */ = {
			isa = PBXVariantGroup;
			children = (
				C24BF53D196E9E64007B9BA3 /* en */,
			);
			name = InfoPlist.strings;
			sourceTree = "<group>";
		};
		C24BF555196E9E65007B9BA3 /* InfoPlist.strings */ = {
			isa = PBXVariantGroup;
			children = (
				C24BF556196E9E65007B9BA3 /* en */,
			);
			name = InfoPlist.strings;
			sourceTree = "<group>";
		};
/* End PBXVariantGroup section */

/* Begin XCBuildConfiguration section */
		C24BF55A196E9E65007B9BA3 /* Debug */ = {
			isa = XCBuildConfiguration;
			buildSettings = {
				ALWAYS_SEARCH_USER_PATHS = NO;
				CLANG_CXX_LANGUAGE_STANDARD = "gnu++0x";
				CLANG_CXX_LIBRARY = "libc++";
				CLANG_ENABLE_MODULES = YES;
				CLANG_ENABLE_OBJC_ARC = YES;
				CLANG_WARN_BOOL_CONVERSION = YES;
				CLANG_WARN_CONSTANT_CONVERSION = YES;
				CLANG_WARN_DIRECT_OBJC_ISA_USAGE = YES_ERROR;
				CLANG_WARN_EMPTY_BODY = YES;
				CLANG_WARN_ENUM_CONVERSION = YES;
				CLANG_WARN_INT_CONVERSION = YES;
				CLANG_WARN_OBJC_ROOT_CLASS = YES_ERROR;
				CLANG_WARN__DUPLICATE_METHOD_MATCH = YES;
				"CODE_SIGN_IDENTITY[sdk=iphoneos*]" = "iPhone Developer";
				COPY_PHASE_STRIP = NO;
				GCC_C_LANGUAGE_STANDARD = gnu99;
				GCC_DYNAMIC_NO_PIC = NO;
				GCC_OPTIMIZATION_LEVEL = 0;
				GCC_PREPROCESSOR_DEFINITIONS = (
					"DEBUG=1",
					"$(inherited)",
				);
				GCC_SYMBOLS_PRIVATE_EXTERN = NO;
				GCC_WARN_64_TO_32_BIT_CONVERSION = YES;
				GCC_WARN_ABOUT_RETURN_TYPE = YES_ERROR;
				GCC_WARN_UNDECLARED_SELECTOR = YES;
				GCC_WARN_UNINITIALIZED_AUTOS = YES_AGGRESSIVE;
				GCC_WARN_UNUSED_FUNCTION = YES;
				GCC_WARN_UNUSED_VARIABLE = YES;
				IPHONEOS_DEPLOYMENT_TARGET = 7.0;
				ONLY_ACTIVE_ARCH = YES;
				SDKROOT = iphoneos;
				TARGETED_DEVICE_FAMILY = "1,2";
			};
			name = Debug;
		};
		C24BF55B196E9E65007B9BA3 /* Release */ = {
			isa = XCBuildConfiguration;
			buildSettings = {
				ALWAYS_SEARCH_USER_PATHS = NO;
				CLANG_CXX_LANGUAGE_STANDARD = "gnu++0x";
				CLANG_CXX_LIBRARY = "libc++";
				CLANG_ENABLE_MODULES = YES;
				CLANG_ENABLE_OBJC_ARC = YES;
				CLANG_WARN_BOOL_CONVERSION = YES;
				CLANG_WARN_CONSTANT_CONVERSION = YES;
				CLANG_WARN_DIRECT_OBJC_ISA_USAGE = YES_ERROR;
				CLANG_WARN_EMPTY_BODY = YES;
				CLANG_WARN_ENUM_CONVERSION = YES;
				CLANG_WARN_INT_CONVERSION = YES;
				CLANG_WARN_OBJC_ROOT_CLASS = YES_ERROR;
				CLANG_WARN__DUPLICATE_METHOD_MATCH = YES;
				"CODE_SIGN_IDENTITY[sdk=iphoneos*]" = "iPhone Developer";
				COPY_PHASE_STRIP = YES;
				ENABLE_NS_ASSERTIONS = NO;
				GCC_C_LANGUAGE_STANDARD = gnu99;
				GCC_WARN_64_TO_32_BIT_CONVERSION = YES;
				GCC_WARN_ABOUT_RETURN_TYPE = YES_ERROR;
				GCC_WARN_UNDECLARED_SELECTOR = YES;
				GCC_WARN_UNINITIALIZED_AUTOS = YES_AGGRESSIVE;
				GCC_WARN_UNUSED_FUNCTION = YES;
				GCC_WARN_UNUSED_VARIABLE = YES;
				IPHONEOS_DEPLOYMENT_TARGET = 7.0;
				SDKROOT = iphoneos;
				TARGETED_DEVICE_FAMILY = "1,2";
				VALIDATE_PRODUCT = YES;
			};
			name = Release;
		};
		C24BF55D196E9E65007B9BA3 /* Debug */ = {
			isa = XCBuildConfiguration;
			buildSettings = {
				ASSETCATALOG_COMPILER_APPICON_NAME = AppIcon;
				ASSETCATALOG_COMPILER_LAUNCHIMAGE_NAME = LaunchImage;
				GCC_PRECOMPILE_PREFIX_HEADER = YES;
				GCC_PREFIX_HEADER = "Memory/Memory-Prefix.pch";
				INFOPLIST_FILE = "Memory/Memory-Info.plist";
				PRODUCT_NAME = "$(TARGET_NAME)";
				TARGETED_DEVICE_FAMILY = 1;
				WRAPPER_EXTENSION = app;
			};
			name = Debug;
		};
		C24BF55E196E9E65007B9BA3 /* Release */ = {
			isa = XCBuildConfiguration;
			buildSettings = {
				ASSETCATALOG_COMPILER_APPICON_NAME = AppIcon;
				ASSETCATALOG_COMPILER_LAUNCHIMAGE_NAME = LaunchImage;
				GCC_PRECOMPILE_PREFIX_HEADER = YES;
				GCC_PREFIX_HEADER = "Memory/Memory-Prefix.pch";
				INFOPLIST_FILE = "Memory/Memory-Info.plist";
				PRODUCT_NAME = "$(TARGET_NAME)";
				TARGETED_DEVICE_FAMILY = 1;
				WRAPPER_EXTENSION = app;
			};
			name = Release;
		};
		C24BF560196E9E65007B9BA3 /* Debug */ = {
			isa = XCBuildConfiguration;
			buildSettings = {
				BUNDLE_LOADER = "$(BUILT_PRODUCTS_DIR)/Memory.app/Memory";
				FRAMEWORK_SEARCH_PATHS = (
					"$(SDKROOT)/Developer/Library/Frameworks",
					"$(inherited)",
					"$(DEVELOPER_FRAMEWORKS_DIR)",
				);
				GCC_PRECOMPILE_PREFIX_HEADER = YES;
				GCC_PREFIX_HEADER = "Memory/Memory-Prefix.pch";
				GCC_PREPROCESSOR_DEFINITIONS = (
					"DEBUG=1",
					"$(inherited)",
				);
				INFOPLIST_FILE = "MemoryTests/MemoryTests-Info.plist";
				PRODUCT_NAME = "$(TARGET_NAME)";
				TEST_HOST = "$(BUNDLE_LOADER)";
				WRAPPER_EXTENSION = xctest;
			};
			name = Debug;
		};
		C24BF561196E9E65007B9BA3 /* Release */ = {
			isa = XCBuildConfiguration;
			buildSettings = {
				BUNDLE_LOADER = "$(BUILT_PRODUCTS_DIR)/Memory.app/Memory";
				FRAMEWORK_SEARCH_PATHS = (
					"$(SDKROOT)/Developer/Library/Frameworks",
					"$(inherited)",
					"$(DEVELOPER_FRAMEWORKS_DIR)",
				);
				GCC_PRECOMPILE_PREFIX_HEADER = YES;
				GCC_PREFIX_HEADER = "Memory/Memory-Prefix.pch";
				INFOPLIST_FILE = "MemoryTests/MemoryTests-Info.plist";
				PRODUCT_NAME = "$(TARGET_NAME)";
				TEST_HOST = "$(BUNDLE_LOADER)";
				WRAPPER_EXTENSION = xctest;
			};
			name = Release;
		};
/* End XCBuildConfiguration section */

/* Begin XCConfigurationList section */
		C24BF52B196E9E64007B9BA3 /* Build configuration list for PBXProject "Memory" */ = {
			isa = XCConfigurationList;
			buildConfigurations = (
				C24BF55A196E9E65007B9BA3 /* Debug */,
				C24BF55B196E9E65007B9BA3 /* Release */,
			);
			defaultConfigurationIsVisible = 0;
			defaultConfigurationName = Release;
		};
		C24BF55C196E9E65007B9BA3 /* Build configuration list for PBXNativeTarget "Memory" */ = {
			isa = XCConfigurationList;
			buildConfigurations = (
				C24BF55D196E9E65007B9BA3 /* Debug */,
				C24BF55E196E9E65007B9BA3 /* Release */,
			);
			defaultConfigurationIsVisible = 0;
			defaultConfigurationName = Release;
		};
		C24BF55F196E9E65007B9BA3 /* Build configuration list for PBXNativeTarget "MemoryTests" */ = {
			isa = XCConfigurationList;
			buildConfigurations = (
				C24BF560196E9E65007B9BA3 /* Debug */,
				C24BF561196E9E65007B9BA3 /* Release */,
			);
			defaultConfigurationIsVisible = 0;
			defaultConfigurationName = Release;
		};
/* End XCConfigurationList section */
	};
	rootObject = C24BF528196E9E64007B9BA3 /* Project object */;
}
